
Microsoft Visual Studio Solution File, Format Version 12.00
# Visual Studio Version 17
VisualStudioVersion = 17.7.34031.279
MinimumVisualStudioVersion = 10.0.40219.1
Project("{FAE04EC0-301F-11D3-BF4B-00C04F79EFBC}") = "213043_Code4", "213043_Code4\213043_Code4.csproj", "{94411302-44DF-4D6A-8497-59AC59F13788}"
EndProject
Global
	GlobalSection(SolutionConfigurationPlatforms) = preSolution
		Debug|Any CPU = Debug|Any CPU
		Release|Any CPU = Release|Any CPU
	EndGlobalSection
	GlobalSection(ProjectConfigurationPlatforms) = postSolution
		{94411302-44DF-4D6A-8497-59AC59F13788}.Debug|Any CPU.ActiveCfg = Debug|Any CPU
		{94411302-44DF-4D6A-8497-59AC59F13788}.Debug|Any CPU.Build.0 = Debug|Any CPU
		{94411302-44DF-4D6A-8497-59AC59F13788}.Release|Any CPU.ActiveCfg = Release|Any CPU
		{94411302-44DF-4D6A-8497-59AC59F13788}.Release|Any CPU.Build.0 = Release|Any CPU
	EndGlobalSection
	GlobalSection(SolutionProperties) = preSolution
		HideSolutionNode = FALSE
	EndGlobalSection
	GlobalSection(ExtensibilityGlobals) = postSolution
		SolutionGuid = {B44B4F89-0C36-415C-B423-4FC22AB91D0B}
	EndGlobalSection
EndGlobal
