
Microsoft Visual Studio Solution File, Format Version 12.00
# Visual Studio Version 17
VisualStudioVersion = 17.7.34031.279
MinimumVisualStudioVersion = 10.0.40219.1
Project("{FAE04EC0-301F-11D3-BF4B-00C04F79EFBC}") = "213043_Code5", "213043_Code5\213043_Code5.csproj", "{3F5BA253-BB6D-4727-B624-023C3075C955}"
EndProject
Global
	GlobalSection(SolutionConfigurationPlatforms) = preSolution
		Debug|Any CPU = Debug|Any CPU
		Release|Any CPU = Release|Any CPU
	EndGlobalSection
	GlobalSection(ProjectConfigurationPlatforms) = postSolution
		{3F5BA253-BB6D-4727-B624-023C3075C955}.Debug|Any CPU.ActiveCfg = Debug|Any CPU
		{3F5BA253-BB6D-4727-B624-023C3075C955}.Debug|Any CPU.Build.0 = Debug|Any CPU
		{3F5BA253-BB6D-4727-B624-023C3075C955}.Release|Any CPU.ActiveCfg = Release|Any CPU
		{3F5BA253-BB6D-4727-B624-023C3075C955}.Release|Any CPU.Build.0 = Release|Any CPU
	EndGlobalSection
	GlobalSection(SolutionProperties) = preSolution
		HideSolutionNode = FALSE
	EndGlobalSection
	GlobalSection(ExtensibilityGlobals) = postSolution
		SolutionGuid = {3F979E67-51AF-4B6D-B28B-2197B14AF7B3}
	EndGlobalSection
EndGlobal
